
Microsoft Visual Studio Solution File, Format Version 12.00
# Visual Studio 2013
VisualStudioVersion = 12.0.21005.1
MinimumVisualStudioVersion = 10.0.40219.1
Project("{FAE04EC0-301F-11D3-BF4B-00C04F79EFBC}") = "HtmlPI", "HtmlPI\HtmlPI.csproj", "{196FCE91-C9D4-4C52-B632-440D47E86C5B}"
EndProject
Project("{FAE04EC0-301F-11D3-BF4B-00C04F79EFBC}") = "HtmlPI.Tests", "HtmlPI.Tests\HtmlPI.Tests.csproj", "{EA4EB659-EE18-4359-A636-91B48D890CB1}"
EndProject
Global
	GlobalSection(SolutionConfigurationPlatforms) = preSolution
		Debug|Any CPU = Debug|Any CPU
		Release|Any CPU = Release|Any CPU
	EndGlobalSection
	GlobalSection(ProjectConfigurationPlatforms) = postSolution
		{196FCE91-C9D4-4C52-B632-440D47E86C5B}.Debug|Any CPU.ActiveCfg = Debug|Any CPU
		{196FCE91-C9D4-4C52-B632-440D47E86C5B}.Debug|Any CPU.Build.0 = Debug|Any CPU
		{196FCE91-C9D4-4C52-B632-440D47E86C5B}.Release|Any CPU.ActiveCfg = Release|Any CPU
		{196FCE91-C9D4-4C52-B632-440D47E86C5B}.Release|Any CPU.Build.0 = Release|Any CPU
		{EA4EB659-EE18-4359-A636-91B48D890CB1}.Debug|Any CPU.ActiveCfg = Debug|Any CPU
		{EA4EB659-EE18-4359-A636-91B48D890CB1}.Debug|Any CPU.Build.0 = Debug|Any CPU
		{EA4EB659-EE18-4359-A636-91B48D890CB1}.Release|Any CPU.ActiveCfg = Release|Any CPU
		{EA4EB659-EE18-4359-A636-91B48D890CB1}.Release|Any CPU.Build.0 = Release|Any CPU
	EndGlobalSection
	GlobalSection(SolutionProperties) = preSolution
		HideSolutionNode = FALSE
	EndGlobalSection
EndGlobal
